// !$*UTF8*$!
{
	archiveVersion = 1;
	classes = {
	};
	objectVersion = 56;
	objects = {

/* Begin PBXBuildFile section */
		B928870928D7971E00DDC7B5 /* AppDelegate.swift in Sources */ = {isa = PBXBuildFile; fileRef = B928870828D7971E00DDC7B5 /* AppDelegate.swift */; };
		B928871328D7971E00DDC7B5 /* BasicChat.xcdatamodeld in Sources */ = {isa = PBXBuildFile; fileRef = B928871128D7971E00DDC7B5 /* BasicChat.xcdatamodeld */; };
		B928871528D7971F00DDC7B5 /* Assets.xcassets in Resources */ = {isa = PBXBuildFile; fileRef = B928871428D7971F00DDC7B5 /* Assets.xcassets */; };
		B928871828D7971F00DDC7B5 /* LaunchScreen.storyboard in Resources */ = {isa = PBXBuildFile; fileRef = B928871628D7971F00DDC7B5 /* LaunchScreen.storyboard */; };
		B928872028D798F500DDC7B5 /* AppController.swift in Sources */ = {isa = PBXBuildFile; fileRef = B928871F28D798F500DDC7B5 /* AppController.swift */; };
		B928872228D799EC00DDC7B5 /* User.swift in Sources */ = {isa = PBXBuildFile; fileRef = B928872128D799EC00DDC7B5 /* User.swift */; };
		B928872528D79B2200DDC7B5 /* Message.swift in Sources */ = {isa = PBXBuildFile; fileRef = B928872428D79B2200DDC7B5 /* Message.swift */; };
		B953E20028E0EAAE003A98EB /* Kingfisher in Frameworks */ = {isa = PBXBuildFile; productRef = B953E1FF28E0EAAE003A98EB /* Kingfisher */; };
		B955E33928E068200073D949 /* AuthenticationService.swift in Sources */ = {isa = PBXBuildFile; fileRef = B955E33828E068200073D949 /* AuthenticationService.swift */; };
		B955E33F28E06AEE0073D949 /* String + Extensions.swift in Sources */ = {isa = PBXBuildFile; fileRef = B955E33E28E06AEE0073D949 /* String + Extensions.swift */; };
		B955E34128E06BC10073D949 /* ProgressHUD.swift in Sources */ = {isa = PBXBuildFile; fileRef = B955E34028E06BC10073D949 /* ProgressHUD.swift */; };
		B9689E9628DF7CC800D69563 /* Constants.swift in Sources */ = {isa = PBXBuildFile; fileRef = B9689E9528DF7CC800D69563 /* Constants.swift */; };
		B9689E9928DF7E4800D69563 /* UIView + Extensions.swift in Sources */ = {isa = PBXBuildFile; fileRef = B9689E9828DF7E4800D69563 /* UIView + Extensions.swift */; };
		B9689E9C28DF815800D69563 /* ConversationTableViewCell.swift in Sources */ = {isa = PBXBuildFile; fileRef = B9689E9B28DF815800D69563 /* ConversationTableViewCell.swift */; };
		B9689E9E28DF839A00D69563 /* ConversationSystem.swift in Sources */ = {isa = PBXBuildFile; fileRef = B9689E9D28DF839A00D69563 /* ConversationSystem.swift */; };
		B9689EA028DF858400D69563 /* FirestoreService.swift in Sources */ = {isa = PBXBuildFile; fileRef = B9689E9F28DF858400D69563 /* FirestoreService.swift */; };
		B983750728D79D0100E9F10F /* FirebaseAuth in Frameworks */ = {isa = PBXBuildFile; productRef = B983750628D79D0100E9F10F /* FirebaseAuth */; };
		B983750928D79D0100E9F10F /* FirebaseFirestore in Frameworks */ = {isa = PBXBuildFile; productRef = B983750828D79D0100E9F10F /* FirebaseFirestore */; };
		B983750B28D7AEB000E9F10F /* Conversation.swift in Sources */ = {isa = PBXBuildFile; fileRef = B983750A28D7AEB000E9F10F /* Conversation.swift */; };
		B983750D28D7B00600E9F10F /* GoogleService-Info.plist in Resources */ = {isa = PBXBuildFile; fileRef = B983750C28D7B00600E9F10F /* GoogleService-Info.plist */; };
		B983750F28D7B0B700E9F10F /* MainTabBarController.swift in Sources */ = {isa = PBXBuildFile; fileRef = B983750E28D7B0B700E9F10F /* MainTabBarController.swift */; };
		B983751228D7B17200E9F10F /* ConversationsViewController.swift in Sources */ = {isa = PBXBuildFile; fileRef = B983751128D7B17200E9F10F /* ConversationsViewController.swift */; };
		B9AAAA4B28E09AFD00BE6D5A /* UserSystem.swift in Sources */ = {isa = PBXBuildFile; fileRef = B9AAAA4A28E09AFD00BE6D5A /* UserSystem.swift */; };
		B9AAAA4E28E09D5D00BE6D5A /* FirebaseDatabase in Frameworks */ = {isa = PBXBuildFile; productRef = B9AAAA4D28E09D5D00BE6D5A /* FirebaseDatabase */; };
		B9AAAA5028E09E5A00BE6D5A /* UserDefaults + Extensions.swift in Sources */ = {isa = PBXBuildFile; fileRef = B9AAAA4F28E09E5A00BE6D5A /* UserDefaults + Extensions.swift */; };
		B9AAAA5228E0A85600BE6D5A /* NewMessageViewController.swift in Sources */ = {isa = PBXBuildFile; fileRef = B9AAAA5128E0A85600BE6D5A /* NewMessageViewController.swift */; };
		B9AAAA5428E0ABFC00BE6D5A /* UserTableViewCell.swift in Sources */ = {isa = PBXBuildFile; fileRef = B9AAAA5328E0ABFC00BE6D5A /* UserTableViewCell.swift */; };
/* End PBXBuildFile section */

/* Begin PBXFileReference section */
		B928870528D7971E00DDC7B5 /* BasicChat.app */ = {isa = PBXFileReference; explicitFileType = wrapper.application; includeInIndex = 0; path = BasicChat.app; sourceTree = BUILT_PRODUCTS_DIR; };
		B928870828D7971E00DDC7B5 /* AppDelegate.swift */ = {isa = PBXFileReference; lastKnownFileType = sourcecode.swift; path = AppDelegate.swift; sourceTree = "<group>"; };
		B928871228D7971E00DDC7B5 /* BasicChat.xcdatamodel */ = {isa = PBXFileReference; lastKnownFileType = wrapper.xcdatamodel; path = BasicChat.xcdatamodel; sourceTree = "<group>"; };
		B928871428D7971F00DDC7B5 /* Assets.xcassets */ = {isa = PBXFileReference; lastKnownFileType = folder.assetcatalog; path = Assets.xcassets; sourceTree = "<group>"; };
		B928871728D7971F00DDC7B5 /* Base */ = {isa = PBXFileReference; lastKnownFileType = file.storyboard; name = Base; path = Base.lproj/LaunchScreen.storyboard; sourceTree = "<group>"; };
		B928871928D7971F00DDC7B5 /* Info.plist */ = {isa = PBXFileReference; lastKnownFileType = text.plist.xml; path = Info.plist; sourceTree = "<group>"; };
		B928871F28D798F500DDC7B5 /* AppController.swift */ = {isa = PBXFileReference; lastKnownFileType = sourcecode.swift; path = AppController.swift; sourceTree = "<group>"; };
		B928872128D799EC00DDC7B5 /* User.swift */ = {isa = PBXFileReference; lastKnownFileType = sourcecode.swift; path = User.swift; sourceTree = "<group>"; };
		B928872428D79B2200DDC7B5 /* Message.swift */ = {isa = PBXFileReference; lastKnownFileType = sourcecode.swift; path = Message.swift; sourceTree = "<group>"; };
		B955E33828E068200073D949 /* AuthenticationService.swift */ = {isa = PBXFileReference; lastKnownFileType = sourcecode.swift; path = AuthenticationService.swift; sourceTree = "<group>"; };
		B955E33E28E06AEE0073D949 /* String + Extensions.swift */ = {isa = PBXFileReference; lastKnownFileType = sourcecode.swift; path = "String + Extensions.swift"; sourceTree = "<group>"; };
		B955E34028E06BC10073D949 /* ProgressHUD.swift */ = {isa = PBXFileReference; lastKnownFileType = sourcecode.swift; path = ProgressHUD.swift; sourceTree = "<group>"; };
		B9689E9528DF7CC800D69563 /* Constants.swift */ = {isa = PBXFileReference; lastKnownFileType = sourcecode.swift; path = Constants.swift; sourceTree = "<group>"; };
		B9689E9828DF7E4800D69563 /* UIView + Extensions.swift */ = {isa = PBXFileReference; lastKnownFileType = sourcecode.swift; path = "UIView + Extensions.swift"; sourceTree = "<group>"; };
		B9689E9B28DF815800D69563 /* ConversationTableViewCell.swift */ = {isa = PBXFileReference; lastKnownFileType = sourcecode.swift; path = ConversationTableViewCell.swift; sourceTree = "<group>"; };
		B9689E9D28DF839A00D69563 /* ConversationSystem.swift */ = {isa = PBXFileReference; lastKnownFileType = sourcecode.swift; path = ConversationSystem.swift; sourceTree = "<group>"; };
		B9689E9F28DF858400D69563 /* FirestoreService.swift */ = {isa = PBXFileReference; lastKnownFileType = sourcecode.swift; path = FirestoreService.swift; sourceTree = "<group>"; };
		B983750A28D7AEB000E9F10F /* Conversation.swift */ = {isa = PBXFileReference; lastKnownFileType = sourcecode.swift; path = Conversation.swift; sourceTree = "<group>"; };
		B983750C28D7B00600E9F10F /* GoogleService-Info.plist */ = {isa = PBXFileReference; fileEncoding = 4; lastKnownFileType = text.plist.xml; path = "GoogleService-Info.plist"; sourceTree = "<group>"; };
		B983750E28D7B0B700E9F10F /* MainTabBarController.swift */ = {isa = PBXFileReference; lastKnownFileType = sourcecode.swift; path = MainTabBarController.swift; sourceTree = "<group>"; };
		B983751128D7B17200E9F10F /* ConversationsViewController.swift */ = {isa = PBXFileReference; lastKnownFileType = sourcecode.swift; path = ConversationsViewController.swift; sourceTree = "<group>"; };
		B9AAAA4A28E09AFD00BE6D5A /* UserSystem.swift */ = {isa = PBXFileReference; lastKnownFileType = sourcecode.swift; path = UserSystem.swift; sourceTree = "<group>"; };
		B9AAAA4F28E09E5A00BE6D5A /* UserDefaults + Extensions.swift */ = {isa = PBXFileReference; lastKnownFileType = sourcecode.swift; path = "UserDefaults + Extensions.swift"; sourceTree = "<group>"; };
		B9AAAA5128E0A85600BE6D5A /* NewMessageViewController.swift */ = {isa = PBXFileReference; lastKnownFileType = sourcecode.swift; path = NewMessageViewController.swift; sourceTree = "<group>"; };
		B9AAAA5328E0ABFC00BE6D5A /* UserTableViewCell.swift */ = {isa = PBXFileReference; lastKnownFileType = sourcecode.swift; path = UserTableViewCell.swift; sourceTree = "<group>"; };
/* End PBXFileReference section */

/* Begin PBXFrameworksBuildPhase section */
		B928870228D7971E00DDC7B5 /* Frameworks */ = {
			isa = PBXFrameworksBuildPhase;
			buildActionMask = 2147483647;
			files = (
				B953E20028E0EAAE003A98EB /* Kingfisher in Frameworks */,
				B9AAAA4E28E09D5D00BE6D5A /* FirebaseDatabase in Frameworks */,
				B983750728D79D0100E9F10F /* FirebaseAuth in Frameworks */,
				B983750928D79D0100E9F10F /* FirebaseFirestore in Frameworks */,
			);
			runOnlyForDeploymentPostprocessing = 0;
		};
/* End PBXFrameworksBuildPhase section */

/* Begin PBXGroup section */
		B92886FC28D7971E00DDC7B5 = {
			isa = PBXGroup;
			children = (
				B928870728D7971E00DDC7B5 /* BasicChat */,
				B928870628D7971E00DDC7B5 /* Products */,
				B9AAAA4C28E09D5D00BE6D5A /* Frameworks */,
			);
			sourceTree = "<group>";
		};
		B928870628D7971E00DDC7B5 /* Products */ = {
			isa = PBXGroup;
			children = (
				B928870528D7971E00DDC7B5 /* BasicChat.app */,
			);
			name = Products;
			sourceTree = "<group>";
		};
		B928870728D7971E00DDC7B5 /* BasicChat */ = {
			isa = PBXGroup;
			children = (
				B9689E9728DF7CE100D69563 /* Helper */,
				B928870828D7971E00DDC7B5 /* AppDelegate.swift */,
				B928871F28D798F500DDC7B5 /* AppController.swift */,
				B9689E9F28DF858400D69563 /* FirestoreService.swift */,
				B983751328D7B17500E9F10F /* ViewController */,
				B983751028D7B0BD00E9F10F /* Navigation */,
				B928872328D799EF00DDC7B5 /* Model */,
				B928871428D7971F00DDC7B5 /* Assets.xcassets */,
				B928871628D7971F00DDC7B5 /* LaunchScreen.storyboard */,
				B928871928D7971F00DDC7B5 /* Info.plist */,
				B983750C28D7B00600E9F10F /* GoogleService-Info.plist */,
				B928871128D7971E00DDC7B5 /* BasicChat.xcdatamodeld */,
				B9689E9A28DF7E4B00D69563 /* Extensions */,
				B9689E9B28DF815800D69563 /* ConversationTableViewCell.swift */,
				B9689E9D28DF839A00D69563 /* ConversationSystem.swift */,
				B9AAAA4A28E09AFD00BE6D5A /* UserSystem.swift */,
				B955E33828E068200073D949 /* AuthenticationService.swift */,
				B9AAAA5328E0ABFC00BE6D5A /* UserTableViewCell.swift */,
			);
			path = BasicChat;
			sourceTree = "<group>";
		};
		B928872328D799EF00DDC7B5 /* Model */ = {
			isa = PBXGroup;
			children = (
				B928872128D799EC00DDC7B5 /* User.swift */,
				B928872428D79B2200DDC7B5 /* Message.swift */,
				B983750A28D7AEB000E9F10F /* Conversation.swift */,
			);
			path = Model;
			sourceTree = "<group>";
		};
		B9689E9728DF7CE100D69563 /* Helper */ = {
			isa = PBXGroup;
			children = (
				B9689E9528DF7CC800D69563 /* Constants.swift */,
				B955E34028E06BC10073D949 /* ProgressHUD.swift */,
			);
			path = Helper;
			sourceTree = "<group>";
		};
		B9689E9A28DF7E4B00D69563 /* Extensions */ = {
			isa = PBXGroup;
			children = (
				B9689E9828DF7E4800D69563 /* UIView + Extensions.swift */,
				B955E33E28E06AEE0073D949 /* String + Extensions.swift */,
				B9AAAA4F28E09E5A00BE6D5A /* UserDefaults + Extensions.swift */,
			);
			path = Extensions;
			sourceTree = "<group>";
		};
		B983751028D7B0BD00E9F10F /* Navigation */ = {
			isa = PBXGroup;
			children = (
				B983750E28D7B0B700E9F10F /* MainTabBarController.swift */,
			);
			path = Navigation;
			sourceTree = "<group>";
		};
		B983751328D7B17500E9F10F /* ViewController */ = {
			isa = PBXGroup;
			children = (
				B983751128D7B17200E9F10F /* ConversationsViewController.swift */,
				B9AAAA5128E0A85600BE6D5A /* NewMessageViewController.swift */,
			);
			path = ViewController;
			sourceTree = "<group>";
		};
		B9AAAA4C28E09D5D00BE6D5A /* Frameworks */ = {
			isa = PBXGroup;
			children = (
			);
			name = Frameworks;
			sourceTree = "<group>";
		};
/* End PBXGroup section */

/* Begin PBXNativeTarget section */
		B928870428D7971E00DDC7B5 /* BasicChat */ = {
			isa = PBXNativeTarget;
			buildConfigurationList = B928871C28D7971F00DDC7B5 /* Build configuration list for PBXNativeTarget "BasicChat" */;
			buildPhases = (
				B928870128D7971E00DDC7B5 /* Sources */,
				B928870228D7971E00DDC7B5 /* Frameworks */,
				B928870328D7971E00DDC7B5 /* Resources */,
			);
			buildRules = (
			);
			dependencies = (
			);
			name = BasicChat;
			packageProductDependencies = (
				B983750628D79D0100E9F10F /* FirebaseAuth */,
				B983750828D79D0100E9F10F /* FirebaseFirestore */,
				B9AAAA4D28E09D5D00BE6D5A /* FirebaseDatabase */,
				B953E1FF28E0EAAE003A98EB /* Kingfisher */,
			);
			productName = BasicChat;
			productReference = B928870528D7971E00DDC7B5 /* BasicChat.app */;
			productType = "com.apple.product-type.application";
		};
/* End PBXNativeTarget section */

/* Begin PBXProject section */
		B92886FD28D7971E00DDC7B5 /* Project object */ = {
			isa = PBXProject;
			attributes = {
				BuildIndependentTargetsInParallel = 1;
				LastSwiftUpdateCheck = 1400;
				LastUpgradeCheck = 1400;
				TargetAttributes = {
					B928870428D7971E00DDC7B5 = {
						CreatedOnToolsVersion = 14.0;
					};
				};
			};
			buildConfigurationList = B928870028D7971E00DDC7B5 /* Build configuration list for PBXProject "BasicChat" */;
			compatibilityVersion = "Xcode 14.0";
			developmentRegion = en;
			hasScannedForEncodings = 0;
			knownRegions = (
				en,
				Base,
			);
			mainGroup = B92886FC28D7971E00DDC7B5;
			packageReferences = (
				B983750528D79D0100E9F10F /* XCRemoteSwiftPackageReference "firebase-ios-sdk" */,
				B953E1FE28E0EAAE003A98EB /* XCRemoteSwiftPackageReference "Kingfisher" */,
			);
			productRefGroup = B928870628D7971E00DDC7B5 /* Products */;
			projectDirPath = "";
			projectRoot = "";
			targets = (
				B928870428D7971E00DDC7B5 /* BasicChat */,
			);
		};
/* End PBXProject section */

/* Begin PBXResourcesBuildPhase section */
		B928870328D7971E00DDC7B5 /* Resources */ = {
			isa = PBXResourcesBuildPhase;
			buildActionMask = 2147483647;
			files = (
				B928871828D7971F00DDC7B5 /* LaunchScreen.storyboard in Resources */,
				B983750D28D7B00600E9F10F /* GoogleService-Info.plist in Resources */,
				B928871528D7971F00DDC7B5 /* Assets.xcassets in Resources */,
			);
			runOnlyForDeploymentPostprocessing = 0;
		};
/* End PBXResourcesBuildPhase section */

/* Begin PBXSourcesBuildPhase section */
		B928870128D7971E00DDC7B5 /* Sources */ = {
			isa = PBXSourcesBuildPhase;
			buildActionMask = 2147483647;
			files = (
				B9689E9928DF7E4800D69563 /* UIView + Extensions.swift in Sources */,
				B955E33F28E06AEE0073D949 /* String + Extensions.swift in Sources */,
				B955E34128E06BC10073D949 /* ProgressHUD.swift in Sources */,
				B9689E9C28DF815800D69563 /* ConversationTableViewCell.swift in Sources */,
				B9AAAA5428E0ABFC00BE6D5A /* UserTableViewCell.swift in Sources */,
				B983750B28D7AEB000E9F10F /* Conversation.swift in Sources */,
				B9AAAA5228E0A85600BE6D5A /* NewMessageViewController.swift in Sources */,
				B9689EA028DF858400D69563 /* FirestoreService.swift in Sources */,
				B9689E9E28DF839A00D69563 /* ConversationSystem.swift in Sources */,
				B928871328D7971E00DDC7B5 /* BasicChat.xcdatamodeld in Sources */,
				B928872028D798F500DDC7B5 /* AppController.swift in Sources */,
				B983751228D7B17200E9F10F /* ConversationsViewController.swift in Sources */,
				B983750F28D7B0B700E9F10F /* MainTabBarController.swift in Sources */,
				B928872228D799EC00DDC7B5 /* User.swift in Sources */,
				B9AAAA5028E09E5A00BE6D5A /* UserDefaults + Extensions.swift in Sources */,
				B928870928D7971E00DDC7B5 /* AppDelegate.swift in Sources */,
				B928872528D79B2200DDC7B5 /* Message.swift in Sources */,
				B9689E9628DF7CC800D69563 /* Constants.swift in Sources */,
				B9AAAA4B28E09AFD00BE6D5A /* UserSystem.swift in Sources */,
				B955E33928E068200073D949 /* AuthenticationService.swift in Sources */,
			);
			runOnlyForDeploymentPostprocessing = 0;
		};
/* End PBXSourcesBuildPhase section */

/* Begin PBXVariantGroup section */
		B928871628D7971F00DDC7B5 /* LaunchScreen.storyboard */ = {
			isa = PBXVariantGroup;
			children = (
				B928871728D7971F00DDC7B5 /* Base */,
			);
			name = LaunchScreen.storyboard;
			sourceTree = "<group>";
		};
/* End PBXVariantGroup section */

/* Begin XCBuildConfiguration section */
		B928871A28D7971F00DDC7B5 /* Debug */ = {
			isa = XCBuildConfiguration;
			buildSettings = {
				ALWAYS_SEARCH_USER_PATHS = NO;
				CLANG_ANALYZER_NONNULL = YES;
				CLANG_ANALYZER_NUMBER_OBJECT_CONVERSION = YES_AGGRESSIVE;
				CLANG_CXX_LANGUAGE_STANDARD = "gnu++20";
				CLANG_ENABLE_MODULES = YES;
				CLANG_ENABLE_OBJC_ARC = YES;
				CLANG_ENABLE_OBJC_WEAK = YES;
				CLANG_WARN_BLOCK_CAPTURE_AUTORELEASING = YES;
				CLANG_WARN_BOOL_CONVERSION = YES;
				CLANG_WARN_COMMA = YES;
				CLANG_WARN_CONSTANT_CONVERSION = YES;
				CLANG_WARN_DEPRECATED_OBJC_IMPLEMENTATIONS = YES;
				CLANG_WARN_DIRECT_OBJC_ISA_USAGE = YES_ERROR;
				CLANG_WARN_DOCUMENTATION_COMMENTS = YES;
				CLANG_WARN_EMPTY_BODY = YES;
				CLANG_WARN_ENUM_CONVERSION = YES;
				CLANG_WARN_INFINITE_RECURSION = YES;
				CLANG_WARN_INT_CONVERSION = YES;
				CLANG_WARN_NON_LITERAL_NULL_CONVERSION = YES;
				CLANG_WARN_OBJC_IMPLICIT_RETAIN_SELF = YES;
				CLANG_WARN_OBJC_LITERAL_CONVERSION = YES;
				CLANG_WARN_OBJC_ROOT_CLASS = YES_ERROR;
				CLANG_WARN_QUOTED_INCLUDE_IN_FRAMEWORK_HEADER = YES;
				CLANG_WARN_RANGE_LOOP_ANALYSIS = YES;
				CLANG_WARN_STRICT_PROTOTYPES = YES;
				CLANG_WARN_SUSPICIOUS_MOVE = YES;
				CLANG_WARN_UNGUARDED_AVAILABILITY = YES_AGGRESSIVE;
				CLANG_WARN_UNREACHABLE_CODE = YES;
				CLANG_WARN__DUPLICATE_METHOD_MATCH = YES;
				COPY_PHASE_STRIP = NO;
				DEBUG_INFORMATION_FORMAT = dwarf;
				ENABLE_STRICT_OBJC_MSGSEND = YES;
				ENABLE_TESTABILITY = YES;
				GCC_C_LANGUAGE_STANDARD = gnu11;
				GCC_DYNAMIC_NO_PIC = NO;
				GCC_NO_COMMON_BLOCKS = YES;
				GCC_OPTIMIZATION_LEVEL = 0;
				GCC_PREPROCESSOR_DEFINITIONS = (
					"DEBUG=1",
					"$(inherited)",
				);
				GCC_WARN_64_TO_32_BIT_CONVERSION = YES;
				GCC_WARN_ABOUT_RETURN_TYPE = YES_ERROR;
				GCC_WARN_UNDECLARED_SELECTOR = YES;
				GCC_WARN_UNINITIALIZED_AUTOS = YES_AGGRESSIVE;
				GCC_WARN_UNUSED_FUNCTION = YES;
				GCC_WARN_UNUSED_VARIABLE = YES;
				IPHONEOS_DEPLOYMENT_TARGET = 16.0;
				MTL_ENABLE_DEBUG_INFO = INCLUDE_SOURCE;
				MTL_FAST_MATH = YES;
				ONLY_ACTIVE_ARCH = YES;
				SDKROOT = iphoneos;
				SWIFT_ACTIVE_COMPILATION_CONDITIONS = DEBUG;
				SWIFT_OPTIMIZATION_LEVEL = "-Onone";
			};
			name = Debug;
		};
		B928871B28D7971F00DDC7B5 /* Release */ = {
			isa = XCBuildConfiguration;
			buildSettings = {
				ALWAYS_SEARCH_USER_PATHS = NO;
				CLANG_ANALYZER_NONNULL = YES;
				CLANG_ANALYZER_NUMBER_OBJECT_CONVERSION = YES_AGGRESSIVE;
				CLANG_CXX_LANGUAGE_STANDARD = "gnu++20";
				CLANG_ENABLE_MODULES = YES;
				CLANG_ENABLE_OBJC_ARC = YES;
				CLANG_ENABLE_OBJC_WEAK = YES;
				CLANG_WARN_BLOCK_CAPTURE_AUTORELEASING = YES;
				CLANG_WARN_BOOL_CONVERSION = YES;
				CLANG_WARN_COMMA = YES;
				CLANG_WARN_CONSTANT_CONVERSION = YES;
				CLANG_WARN_DEPRECATED_OBJC_IMPLEMENTATIONS = YES;
				CLANG_WARN_DIRECT_OBJC_ISA_USAGE = YES_ERROR;
				CLANG_WARN_DOCUMENTATION_COMMENTS = YES;
				CLANG_WARN_EMPTY_BODY = YES;
				CLANG_WARN_ENUM_CONVERSION = YES;
				CLANG_WARN_INFINITE_RECURSION = YES;
				CLANG_WARN_INT_CONVERSION = YES;
				CLANG_WARN_NON_LITERAL_NULL_CONVERSION = YES;
				CLANG_WARN_OBJC_IMPLICIT_RETAIN_SELF = YES;
				CLANG_WARN_OBJC_LITERAL_CONVERSION = YES;
				CLANG_WARN_OBJC_ROOT_CLASS = YES_ERROR;
				CLANG_WARN_QUOTED_INCLUDE_IN_FRAMEWORK_HEADER = YES;
				CLANG_WARN_RANGE_LOOP_ANALYSIS = YES;
				CLANG_WARN_STRICT_PROTOTYPES = YES;
				CLANG_WARN_SUSPICIOUS_MOVE = YES;
				CLANG_WARN_UNGUARDED_AVAILABILITY = YES_AGGRESSIVE;
				CLANG_WARN_UNREACHABLE_CODE = YES;
				CLANG_WARN__DUPLICATE_METHOD_MATCH = YES;
				COPY_PHASE_STRIP = NO;
				DEBUG_INFORMATION_FORMAT = "dwarf-with-dsym";
				ENABLE_NS_ASSERTIONS = NO;
				ENABLE_STRICT_OBJC_MSGSEND = YES;
				GCC_C_LANGUAGE_STANDARD = gnu11;
				GCC_NO_COMMON_BLOCKS = YES;
				GCC_WARN_64_TO_32_BIT_CONVERSION = YES;
				GCC_WARN_ABOUT_RETURN_TYPE = YES_ERROR;
				GCC_WARN_UNDECLARED_SELECTOR = YES;
				GCC_WARN_UNINITIALIZED_AUTOS = YES_AGGRESSIVE;
				GCC_WARN_UNUSED_FUNCTION = YES;
				GCC_WARN_UNUSED_VARIABLE = YES;
				IPHONEOS_DEPLOYMENT_TARGET = 16.0;
				MTL_ENABLE_DEBUG_INFO = NO;
				MTL_FAST_MATH = YES;
				SDKROOT = iphoneos;
				SWIFT_COMPILATION_MODE = wholemodule;
				SWIFT_OPTIMIZATION_LEVEL = "-O";
				VALIDATE_PRODUCT = YES;
			};
			name = Release;
		};
		B928871D28D7971F00DDC7B5 /* Debug */ = {
			isa = XCBuildConfiguration;
			buildSettings = {
				ASSETCATALOG_COMPILER_APPICON_NAME = AppIcon;
				ASSETCATALOG_COMPILER_GLOBAL_ACCENT_COLOR_NAME = AccentColor;
				CODE_SIGN_STYLE = Automatic;
				CURRENT_PROJECT_VERSION = 1;
				DEVELOPMENT_TEAM = BYN5WDC2W6;
				GENERATE_INFOPLIST_FILE = YES;
				INFOPLIST_FILE = BasicChat/Info.plist;
				INFOPLIST_KEY_LSApplicationCategoryType = "public.app-category.social-networking";
				INFOPLIST_KEY_UIApplicationSupportsIndirectInputEvents = YES;
				INFOPLIST_KEY_UILaunchStoryboardName = LaunchScreen;
				INFOPLIST_KEY_UISupportedInterfaceOrientations = "UIInterfaceOrientationLandscapeLeft UIInterfaceOrientationLandscapeRight UIInterfaceOrientationPortrait";
				INFOPLIST_KEY_UISupportedInterfaceOrientations_iPad = "UIInterfaceOrientationLandscapeLeft UIInterfaceOrientationLandscapeRight UIInterfaceOrientationPortrait UIInterfaceOrientationPortraitUpsideDown";
				IPHONEOS_DEPLOYMENT_TARGET = 14.0;
				LD_RUNPATH_SEARCH_PATHS = (
					"$(inherited)",
					"@executable_path/Frameworks",
				);
				MARKETING_VERSION = 1.0;
				PRODUCT_BUNDLE_IDENTIFIER = de.JBCodes.BasicChat;
				PRODUCT_NAME = "$(TARGET_NAME)";
				SUPPORTED_PLATFORMS = "iphoneos iphonesimulator";
				SUPPORTS_MACCATALYST = NO;
				SUPPORTS_MAC_DESIGNED_FOR_IPHONE_IPAD = NO;
				SWIFT_EMIT_LOC_STRINGS = YES;
				SWIFT_VERSION = 5.0;
				TARGETED_DEVICE_FAMILY = 1;
			};
			name = Debug;
		};
		B928871E28D7971F00DDC7B5 /* Release */ = {
			isa = XCBuildConfiguration;
			buildSettings = {
				ASSETCATALOG_COMPILER_APPICON_NAME = AppIcon;
				ASSETCATALOG_COMPILER_GLOBAL_ACCENT_COLOR_NAME = AccentColor;
				CODE_SIGN_STYLE = Automatic;
				CURRENT_PROJECT_VERSION = 1;
				DEVELOPMENT_TEAM = BYN5WDC2W6;
				GENERATE_INFOPLIST_FILE = YES;
				INFOPLIST_FILE = BasicChat/Info.plist;
				INFOPLIST_KEY_LSApplicationCategoryType = "public.app-category.social-networking";
				INFOPLIST_KEY_UIApplicationSupportsIndirectInputEvents = YES;
				INFOPLIST_KEY_UILaunchStoryboardName = LaunchScreen;
				INFOPLIST_KEY_UISupportedInterfaceOrientations = "UIInterfaceOrientationLandscapeLeft UIInterfaceOrientationLandscapeRight UIInterfaceOrientationPortrait";
				INFOPLIST_KEY_UISupportedInterfaceOrientations_iPad = "UIInterfaceOrientationLandscapeLeft UIInterfaceOrientationLandscapeRight UIInterfaceOrientationPortrait UIInterfaceOrientationPortraitUpsideDown";
				IPHONEOS_DEPLOYMENT_TARGET = 14.0;
				LD_RUNPATH_SEARCH_PATHS = (
					"$(inherited)",
					"@executable_path/Frameworks",
				);
				MARKETING_VERSION = 1.0;
				PRODUCT_BUNDLE_IDENTIFIER = de.JBCodes.BasicChat;
				PRODUCT_NAME = "$(TARGET_NAME)";
				SUPPORTED_PLATFORMS = "iphoneos iphonesimulator";
				SUPPORTS_MACCATALYST = NO;
				SUPPORTS_MAC_DESIGNED_FOR_IPHONE_IPAD = NO;
				SWIFT_EMIT_LOC_STRINGS = YES;
				SWIFT_VERSION = 5.0;
				TARGETED_DEVICE_FAMILY = 1;
			};
			name = Release;
		};
/* End XCBuildConfiguration section */

/* Begin XCConfigurationList section */
		B928870028D7971E00DDC7B5 /* Build configuration list for PBXProject "BasicChat" */ = {
			isa = XCConfigurationList;
			buildConfigurations = (
				B928871A28D7971F00DDC7B5 /* Debug */,
				B928871B28D7971F00DDC7B5 /* Release */,
			);
			defaultConfigurationIsVisible = 0;
			defaultConfigurationName = Release;
		};
		B928871C28D7971F00DDC7B5 /* Build configuration list for PBXNativeTarget "BasicChat" */ = {
			isa = XCConfigurationList;
			buildConfigurations = (
				B928871D28D7971F00DDC7B5 /* Debug */,
				B928871E28D7971F00DDC7B5 /* Release */,
			);
			defaultConfigurationIsVisible = 0;
			defaultConfigurationName = Release;
		};
/* End XCConfigurationList section */

/* Begin XCRemoteSwiftPackageReference section */
		B953E1FE28E0EAAE003A98EB /* XCRemoteSwiftPackageReference "Kingfisher" */ = {
			isa = XCRemoteSwiftPackageReference;
			repositoryURL = "https://github.com/onevcat/Kingfisher.git";
			requirement = {
				kind = upToNextMajorVersion;
				minimumVersion = 7.0.0;
			};
		};
		B983750528D79D0100E9F10F /* XCRemoteSwiftPackageReference "firebase-ios-sdk" */ = {
			isa = XCRemoteSwiftPackageReference;
			repositoryURL = "https://github.com/firebase/firebase-ios-sdk.git";
			requirement = {
				kind = upToNextMajorVersion;
				minimumVersion = 9.0.0;
			};
		};
/* End XCRemoteSwiftPackageReference section */

/* Begin XCSwiftPackageProductDependency section */
		B953E1FF28E0EAAE003A98EB /* Kingfisher */ = {
			isa = XCSwiftPackageProductDependency;
			package = B953E1FE28E0EAAE003A98EB /* XCRemoteSwiftPackageReference "Kingfisher" */;
			productName = Kingfisher;
		};
		B983750628D79D0100E9F10F /* FirebaseAuth */ = {
			isa = XCSwiftPackageProductDependency;
			package = B983750528D79D0100E9F10F /* XCRemoteSwiftPackageReference "firebase-ios-sdk" */;
			productName = FirebaseAuth;
		};
		B983750828D79D0100E9F10F /* FirebaseFirestore */ = {
			isa = XCSwiftPackageProductDependency;
			package = B983750528D79D0100E9F10F /* XCRemoteSwiftPackageReference "firebase-ios-sdk" */;
			productName = FirebaseFirestore;
		};
		B9AAAA4D28E09D5D00BE6D5A /* FirebaseDatabase */ = {
			isa = XCSwiftPackageProductDependency;
			package = B983750528D79D0100E9F10F /* XCRemoteSwiftPackageReference "firebase-ios-sdk" */;
			productName = FirebaseDatabase;
		};
/* End XCSwiftPackageProductDependency section */

/* Begin XCVersionGroup section */
		B928871128D7971E00DDC7B5 /* BasicChat.xcdatamodeld */ = {
			isa = XCVersionGroup;
			children = (
				B928871228D7971E00DDC7B5 /* BasicChat.xcdatamodel */,
			);
			currentVersion = B928871228D7971E00DDC7B5 /* BasicChat.xcdatamodel */;
			path = BasicChat.xcdatamodeld;
			sourceTree = "<group>";
			versionGroupType = wrapper.xcdatamodel;
		};
/* End XCVersionGroup section */
	};
	rootObject = B92886FD28D7971E00DDC7B5 /* Project object */;
}
